{
  "version": "4",
  "specifiers": {
    "jsr:@deno-library/compress@~0.5.5": "0.5.5",
    "jsr:@deno-library/crc32@1.0.2": "1.0.2",
    "jsr:@jonasschiano/kia@^0.0.120": "0.0.120",
    "jsr:@luca/esbuild-deno-loader@*": "0.11.1",
    "jsr:@luca/esbuild-deno-loader@~0.11.1": "0.11.1",
    "jsr:@std/assert@1": "1.0.10",
    "jsr:@std/async@*": "1.0.10",
    "jsr:@std/async@^1.0.11": "1.0.11",
    "jsr:@std/bytes@^1.0.2": "1.0.4",
    "jsr:@std/bytes@^1.0.5": "1.0.5",
    "jsr:@std/cli@^1.0.14": "1.0.14",
    "jsr:@std/collections@*": "1.0.10",
    "jsr:@std/collections@^1.0.10": "1.0.10",
    "jsr:@std/crypto@^1.0.3": "1.0.3",
    "jsr:@std/dotenv@*": "0.225.3",
    "jsr:@std/dotenv@~0.225.3": "0.225.3",
    "jsr:@std/encoding@^1.0.5": "1.0.6",
    "jsr:@std/fmt@1.0.5": "1.0.5",
    "jsr:@std/fmt@^1.0.6": "1.0.6",
    "jsr:@std/fs@1.0.5": "1.0.5",
    "jsr:@std/internal@^1.0.5": "1.0.5",
    "jsr:@std/io@0.225.0": "0.225.0",
    "jsr:@std/io@~0.225.2": "0.225.2",
    "jsr:@std/path@*": "1.0.8",
    "jsr:@std/path@1.0.8": "1.0.8",
    "jsr:@std/path@^1.0.6": "1.0.8",
    "jsr:@std/path@^1.0.7": "1.0.8",
    "jsr:@std/path@^1.0.8": "1.0.8",
    "jsr:@std/streams@^1.0.7": "1.0.9",
    "jsr:@std/tar@0.1.3": "0.1.3",
    "jsr:@std/uuid@*": "1.0.4",
    "jsr:@std/uuid@^1.0.4": "1.0.4",
    "jsr:@zip-js/zip-js@2.7.53": "2.7.53",
    "npm:@types/node@*": "22.5.4",
    "npm:esbuild@*": "0.24.2",
    "npm:esbuild@~0.24.2": "0.24.2",
    "npm:path@*": "0.12.7",
    "npm:uuid@*": "11.0.5",
    "npm:uuid@^11.1.0": "11.1.0"
  },
  "jsr": {
    "@deno-library/compress@0.5.5": {
      "integrity": "18b651a33eac87d96ae8c941487045724a665d654e9d94120da43777393655d9",
      "dependencies": [
        "jsr:@deno-library/crc32",
        "jsr:@std/fs",
        "jsr:@std/io@0.225.0",
        "jsr:@std/path@1.0.8",
        "jsr:@std/tar",
        "jsr:@zip-js/zip-js"
      ]
    },
    "@deno-library/crc32@1.0.2": {
      "integrity": "d2061bfee30c87c97f285dfca0fdc4458e632dc072a33ecfc73ca5177a5a39a0"
    },
    "@jonasschiano/kia@0.0.120": {
      "integrity": "6b88a98a10788ada17bde6accae2d807cabc4a610eff86446f7c7c05c8429309",
      "dependencies": [
        "jsr:@std/fmt@1.0.5",
        "jsr:@std/io@~0.225.2"
      ]
    },
    "@luca/esbuild-deno-loader@0.11.1": {
      "integrity": "dc020d16d75b591f679f6b9288b10f38bdb4f24345edb2f5732affa1d9885267",
      "dependencies": [
        "jsr:@std/bytes@^1.0.2",
        "jsr:@std/encoding",
        "jsr:@std/path@^1.0.6"
      ]
    },
    "@std/assert@1.0.10": {
      "integrity": "59b5cbac5bd55459a19045d95cc7c2ff787b4f8527c0dd195078ff6f9481fbb3",
      "dependencies": [
        "jsr:@std/internal"
      ]
    },
    "@std/async@1.0.10": {
      "integrity": "2ff1b1c7d33d1416159989b0f69e59ec7ee8cb58510df01e454def2108b3dbec"
    },
    "@std/async@1.0.11": {
      "integrity": "eee0d3405275506638a9c8efaa849cf0d35873120c69b7caa1309c9a9e5b6f85"
    },
    "@std/bytes@1.0.4": {
      "integrity": "11a0debe522707c95c7b7ef89b478c13fb1583a7cfb9a85674cd2cc2e3a28abc"
    },
    "@std/bytes@1.0.5": {
      "integrity": "4465dd739d7963d964c809202ebea6d5c6b8e3829ef25c6a224290fbb8a1021e"
    },
    "@std/cli@1.0.14": {
      "integrity": "b09ee9921cd476c0e08185ed2bfce682d45ecf4654f26c31b4aa244a2c5c024e"
    },
    "@std/collections@1.0.10": {
      "integrity": "903af106a3d92970d74e20f7ebff77d9658af9bef4403f1dc42a7801c0575899"
    },
    "@std/crypto@1.0.3": {
      "integrity": "a2a32f51ddef632d299e3879cd027c630dcd4d1d9a5285d6e6788072f4e51e7f"
    },
    "@std/dotenv@0.225.3": {
      "integrity": "a95e5b812c27b0854c52acbae215856d9cce9d4bbf774d938c51d212711e8d4a"
    },
    "@std/encoding@1.0.6": {
      "integrity": "ca87122c196e8831737d9547acf001766618e78cd8c33920776c7f5885546069"
    },
    "@std/fmt@1.0.5": {
      "integrity": "0cfab43364bc36650d83c425cd6d99910fc20c4576631149f0f987eddede1a4d"
    },
    "@std/fmt@1.0.6": {
      "integrity": "a2c56a69a2369876ddb3ad6a500bb6501b5bad47bb3ea16bfb0c18974d2661fc"
    },
    "@std/fs@1.0.5": {
      "integrity": "41806ad6823d0b5f275f9849a2640d87e4ef67c51ee1b8fb02426f55e02fd44e",
      "dependencies": [
        "jsr:@std/path@^1.0.7"
      ]
    },
    "@std/internal@1.0.5": {
      "integrity": "54a546004f769c1ac9e025abd15a76b6671ddc9687e2313b67376125650dc7ba"
    },
    "@std/io@0.225.0": {
      "integrity": "c1db7c5e5a231629b32d64b9a53139445b2ca640d828c26bf23e1c55f8c079b3",
      "dependencies": [
        "jsr:@std/bytes@^1.0.2"
      ]
    },
    "@std/io@0.225.2": {
      "integrity": "3c740cd4ee4c082e6cfc86458f47e2ab7cb353dc6234d5e9b1f91a2de5f4d6c7",
      "dependencies": [
        "jsr:@std/bytes@^1.0.5"
      ]
    },
    "@std/path@1.0.8": {
      "integrity": "548fa456bb6a04d3c1a1e7477986b6cffbce95102d0bb447c67c4ee70e0364be"
    },
    "@std/streams@1.0.9": {
      "integrity": "a9d26b1988cdd7aa7b1f4b51e1c36c1557f3f252880fa6cc5b9f37078b1a5035"
    },
    "@std/tar@0.1.3": {
      "integrity": "531270fc707b37ab9b5f051aa4943e7b16b86905e0398a4ebe062983b0c93115",
      "dependencies": [
        "jsr:@std/streams"
      ]
    },
    "@std/uuid@1.0.4": {
      "integrity": "f4233149cc8b4753cc3763fd83a7c4101699491f55c7be78dc7b30281946d7a0",
      "dependencies": [
        "jsr:@std/bytes@^1.0.2",
        "jsr:@std/crypto"
      ]
    },
    "@zip-js/zip-js@2.7.53": {
      "integrity": "acea5bd8e01feb3fe4c242cfbde7d33dd5e006549a4eb1d15283bc0c778ed672"
    }
  },
  "npm": {
    "@esbuild/aix-ppc64@0.24.2": {
      "integrity": "sha512-thpVCb/rhxE/BnMLQ7GReQLLN8q9qbHmI55F4489/ByVg2aQaQ6kbcLb6FHkocZzQhxc4gx0sCk0tJkKBFzDhA=="
    },
    "@esbuild/android-arm64@0.24.2": {
      "integrity": "sha512-cNLgeqCqV8WxfcTIOeL4OAtSmL8JjcN6m09XIgro1Wi7cF4t/THaWEa7eL5CMoMBdjoHOTh/vwTO/o2TRXIyzg=="
    },
    "@esbuild/android-arm@0.24.2": {
      "integrity": "sha512-tmwl4hJkCfNHwFB3nBa8z1Uy3ypZpxqxfTQOcHX+xRByyYgunVbZ9MzUUfb0RxaHIMnbHagwAxuTL+tnNM+1/Q=="
    },
    "@esbuild/android-x64@0.24.2": {
      "integrity": "sha512-B6Q0YQDqMx9D7rvIcsXfmJfvUYLoP722bgfBlO5cGvNVb5V/+Y7nhBE3mHV9OpxBf4eAS2S68KZztiPaWq4XYw=="
    },
    "@esbuild/darwin-arm64@0.24.2": {
      "integrity": "sha512-kj3AnYWc+CekmZnS5IPu9D+HWtUI49hbnyqk0FLEJDbzCIQt7hg7ucF1SQAilhtYpIujfaHr6O0UHlzzSPdOeA=="
    },
    "@esbuild/darwin-x64@0.24.2": {
      "integrity": "sha512-WeSrmwwHaPkNR5H3yYfowhZcbriGqooyu3zI/3GGpF8AyUdsrrP0X6KumITGA9WOyiJavnGZUwPGvxvwfWPHIA=="
    },
    "@esbuild/freebsd-arm64@0.24.2": {
      "integrity": "sha512-UN8HXjtJ0k/Mj6a9+5u6+2eZ2ERD7Edt1Q9IZiB5UZAIdPnVKDoG7mdTVGhHJIeEml60JteamR3qhsr1r8gXvg=="
    },
    "@esbuild/freebsd-x64@0.24.2": {
      "integrity": "sha512-TvW7wE/89PYW+IevEJXZ5sF6gJRDY/14hyIGFXdIucxCsbRmLUcjseQu1SyTko+2idmCw94TgyaEZi9HUSOe3Q=="
    },
    "@esbuild/linux-arm64@0.24.2": {
      "integrity": "sha512-7HnAD6074BW43YvvUmE/35Id9/NB7BeX5EoNkK9obndmZBUk8xmJJeU7DwmUeN7tkysslb2eSl6CTrYz6oEMQg=="
    },
    "@esbuild/linux-arm@0.24.2": {
      "integrity": "sha512-n0WRM/gWIdU29J57hJyUdIsk0WarGd6To0s+Y+LwvlC55wt+GT/OgkwoXCXvIue1i1sSNWblHEig00GBWiJgfA=="
    },
    "@esbuild/linux-ia32@0.24.2": {
      "integrity": "sha512-sfv0tGPQhcZOgTKO3oBE9xpHuUqguHvSo4jl+wjnKwFpapx+vUDcawbwPNuBIAYdRAvIDBfZVvXprIj3HA+Ugw=="
    },
    "@esbuild/linux-loong64@0.24.2": {
      "integrity": "sha512-CN9AZr8kEndGooS35ntToZLTQLHEjtVB5n7dl8ZcTZMonJ7CCfStrYhrzF97eAecqVbVJ7APOEe18RPI4KLhwQ=="
    },
    "@esbuild/linux-mips64el@0.24.2": {
      "integrity": "sha512-iMkk7qr/wl3exJATwkISxI7kTcmHKE+BlymIAbHO8xanq/TjHaaVThFF6ipWzPHryoFsesNQJPE/3wFJw4+huw=="
    },
    "@esbuild/linux-ppc64@0.24.2": {
      "integrity": "sha512-shsVrgCZ57Vr2L8mm39kO5PPIb+843FStGt7sGGoqiiWYconSxwTiuswC1VJZLCjNiMLAMh34jg4VSEQb+iEbw=="
    },
    "@esbuild/linux-riscv64@0.24.2": {
      "integrity": "sha512-4eSFWnU9Hhd68fW16GD0TINewo1L6dRrB+oLNNbYyMUAeOD2yCK5KXGK1GH4qD/kT+bTEXjsyTCiJGHPZ3eM9Q=="
    },
    "@esbuild/linux-s390x@0.24.2": {
      "integrity": "sha512-S0Bh0A53b0YHL2XEXC20bHLuGMOhFDO6GN4b3YjRLK//Ep3ql3erpNcPlEFed93hsQAjAQDNsvcK+hV90FubSw=="
    },
    "@esbuild/linux-x64@0.24.2": {
      "integrity": "sha512-8Qi4nQcCTbLnK9WoMjdC9NiTG6/E38RNICU6sUNqK0QFxCYgoARqVqxdFmWkdonVsvGqWhmm7MO0jyTqLqwj0Q=="
    },
    "@esbuild/netbsd-arm64@0.24.2": {
      "integrity": "sha512-wuLK/VztRRpMt9zyHSazyCVdCXlpHkKm34WUyinD2lzK07FAHTq0KQvZZlXikNWkDGoT6x3TD51jKQ7gMVpopw=="
    },
    "@esbuild/netbsd-x64@0.24.2": {
      "integrity": "sha512-VefFaQUc4FMmJuAxmIHgUmfNiLXY438XrL4GDNV1Y1H/RW3qow68xTwjZKfj/+Plp9NANmzbH5R40Meudu8mmw=="
    },
    "@esbuild/openbsd-arm64@0.24.2": {
      "integrity": "sha512-YQbi46SBct6iKnszhSvdluqDmxCJA+Pu280Av9WICNwQmMxV7nLRHZfjQzwbPs3jeWnuAhE9Jy0NrnJ12Oz+0A=="
    },
    "@esbuild/openbsd-x64@0.24.2": {
      "integrity": "sha512-+iDS6zpNM6EnJyWv0bMGLWSWeXGN/HTaF/LXHXHwejGsVi+ooqDfMCCTerNFxEkM3wYVcExkeGXNqshc9iMaOA=="
    },
    "@esbuild/sunos-x64@0.24.2": {
      "integrity": "sha512-hTdsW27jcktEvpwNHJU4ZwWFGkz2zRJUz8pvddmXPtXDzVKTTINmlmga3ZzwcuMpUvLw7JkLy9QLKyGpD2Yxig=="
    },
    "@esbuild/win32-arm64@0.24.2": {
      "integrity": "sha512-LihEQ2BBKVFLOC9ZItT9iFprsE9tqjDjnbulhHoFxYQtQfai7qfluVODIYxt1PgdoyQkz23+01rzwNwYfutxUQ=="
    },
    "@esbuild/win32-ia32@0.24.2": {
      "integrity": "sha512-q+iGUwfs8tncmFC9pcnD5IvRHAzmbwQ3GPS5/ceCyHdjXubwQWI12MKWSNSMYLJMq23/IUCvJMS76PDqXe1fxA=="
    },
    "@esbuild/win32-x64@0.24.2": {
      "integrity": "sha512-7VTgWzgMGvup6aSqDPLiW5zHaxYJGTO4OokMjIlrCtf+VpEL+cXKtCvg723iguPYI5oaUNdS+/V7OU2gvXVWEg=="
    },
    "@types/node@22.5.4": {
      "integrity": "sha512-FDuKUJQm/ju9fT/SeX/6+gBzoPzlVCzfzmGkwKvRHQVxi4BntVbyIwf6a4Xn62mrvndLiml6z/UBXIdEVjQLXg==",
      "dependencies": [
        "undici-types"
      ]
    },
    "esbuild@0.24.2": {
      "integrity": "sha512-+9egpBW8I3CD5XPe0n6BfT5fxLzxrlDzqydF3aviG+9ni1lDC/OvMHcxqEFV0+LANZG5R1bFMWfUrjVsdwxJvA==",
      "dependencies": [
        "@esbuild/aix-ppc64",
        "@esbuild/android-arm",
        "@esbuild/android-arm64",
        "@esbuild/android-x64",
        "@esbuild/darwin-arm64",
        "@esbuild/darwin-x64",
        "@esbuild/freebsd-arm64",
        "@esbuild/freebsd-x64",
        "@esbuild/linux-arm",
        "@esbuild/linux-arm64",
        "@esbuild/linux-ia32",
        "@esbuild/linux-loong64",
        "@esbuild/linux-mips64el",
        "@esbuild/linux-ppc64",
        "@esbuild/linux-riscv64",
        "@esbuild/linux-s390x",
        "@esbuild/linux-x64",
        "@esbuild/netbsd-arm64",
        "@esbuild/netbsd-x64",
        "@esbuild/openbsd-arm64",
        "@esbuild/openbsd-x64",
        "@esbuild/sunos-x64",
        "@esbuild/win32-arm64",
        "@esbuild/win32-ia32",
        "@esbuild/win32-x64"
      ]
    },
    "inherits@2.0.3": {
      "integrity": "sha512-x00IRNXNy63jwGkJmzPigoySHbaqpNuzKbBOmzK+g2OdZpQ9w+sxCN+VSB3ja7IAge2OP2qpfxTjeNcyjmW1uw=="
    },
    "path@0.12.7": {
      "integrity": "sha512-aXXC6s+1w7otVF9UletFkFcDsJeO7lSZBPUQhtb5O0xJe8LtYhj/GxldoL09bBj9+ZmE2hNoHqQSFMN5fikh4Q==",
      "dependencies": [
        "process",
        "util"
      ]
    },
    "process@0.11.10": {
      "integrity": "sha512-cdGef/drWFoydD1JsMzuFf8100nZl+GT+yacc2bEced5f9Rjk4z+WtFUTBu9PhOi9j/jfmBPu0mMEY4wIdAF8A=="
    },
    "undici-types@6.19.8": {
      "integrity": "sha512-ve2KP6f/JnbPBFyobGHuerC9g1FYGn/F8n1LWTwNxCEzd6IfqTwUQcNXgEtmmQ6DlRrC1hrSrBnCZPokRrDHjw=="
    },
    "util@0.10.4": {
      "integrity": "sha512-0Pm9hTQ3se5ll1XihRic3FDIku70C+iHUdT/W926rSgHV5QgXsYbKZN8MSC3tJtSkhuROzvsQjAaFENRXr+19A==",
      "dependencies": [
        "inherits"
      ]
    },
    "uuid@11.0.5": {
      "integrity": "sha512-508e6IcKLrhxKdBbcA2b4KQZlLVp2+J5UwQ6F7Drckkc5N9ZJwFa4TgWtsww9UG8fGHbm6gbV19TdM5pQ4GaIA=="
    },
    "uuid@11.1.0": {
      "integrity": "sha512-0/A9rDy9P7cJ+8w1c9WD9V//9Wj15Ce2MPz8Ri6032usz+NfePxx5AcN3bN+r6ZL6jEo066/yNYB3tn4pQEx+A=="
    }
  },
  "redirects": {
    "https://deno.land/std/collections/mod.ts": "https://deno.land/std@0.224.0/collections/mod.ts",
    "https://deno.land/std/fmt/colors.ts": "https://deno.land/std@0.224.0/fmt/colors.ts"
  },
  "remote": {
    "https://deno.land/std@0.116.0/_util/assert.ts": "2f868145a042a11d5ad0a3c748dcf580add8a0dbc0e876eaa0026303a5488f58",
    "https://deno.land/std@0.116.0/_util/os.ts": "dfb186cc4e968c770ab6cc3288bd65f4871be03b93beecae57d657232ecffcac",
    "https://deno.land/std@0.116.0/fs/walk.ts": "31464d75099aa3fc7764212576a8772dfabb2692783e6eabb910f874a26eac54",
    "https://deno.land/std@0.116.0/path/_constants.ts": "1247fee4a79b70c89f23499691ef169b41b6ccf01887a0abd131009c5581b853",
    "https://deno.land/std@0.116.0/path/_interface.ts": "1fa73b02aaa24867e481a48492b44f2598cd9dfa513c7b34001437007d3642e4",
    "https://deno.land/std@0.116.0/path/_util.ts": "2e06a3b9e79beaf62687196bd4b60a4c391d862cfa007a20fc3a39f778ba073b",
    "https://deno.land/std@0.116.0/path/common.ts": "f41a38a0719a1e85aa11c6ba3bea5e37c15dd009d705bd8873f94c833568cbc4",
    "https://deno.land/std@0.116.0/path/glob.ts": "ea87985765b977cc284b92771003b2070c440e0807c90e1eb0ff3e095911a820",
    "https://deno.land/std@0.116.0/path/mod.ts": "4465dc494f271b02569edbb4a18d727063b5dbd6ed84283ff906260970a15d12",
    "https://deno.land/std@0.116.0/path/posix.ts": "34349174b9cd121625a2810837a82dd8b986bbaaad5ade690d1de75bbb4555b2",
    "https://deno.land/std@0.116.0/path/separator.ts": "8fdcf289b1b76fd726a508f57d3370ca029ae6976fcde5044007f062e643ff1c",
    "https://deno.land/std@0.116.0/path/win32.ts": "11549e8c6df8307a8efcfa47ad7b2a75da743eac7d4c89c9723a944661c8bd2e",
    "https://deno.land/std@0.122.0/_util/assert.ts": "2f868145a042a11d5ad0a3c748dcf580add8a0dbc0e876eaa0026303a5488f58",
    "https://deno.land/std@0.122.0/bytes/bytes_list.ts": "3bff6a09c72b2e0b1e92e29bd3b135053894196cca07a2bba842901073efe5cb",
    "https://deno.land/std@0.122.0/bytes/equals.ts": "69f55fdbd45c71f920c1a621e6c0865dc780cd8ae34e0f5e55a9497b70c31c1b",
    "https://deno.land/std@0.122.0/bytes/mod.ts": "fedb80b8da2e7ad8dd251148e65f92a04c73d6c5a430b7d197dc39588c8dda6f",
    "https://deno.land/std@0.122.0/fmt/colors.ts": "8368ddf2d48dfe413ffd04cdbb7ae6a1009cf0dccc9c7ff1d76259d9c61a0621",
    "https://deno.land/std@0.122.0/io/buffer.ts": "8f10342821b81990acf859cdccb4e4031c7c9187a0ffc3ed6b356ee29ecc6681",
    "https://deno.land/std@0.122.0/streams/conversion.ts": "7ff9af42540063fa72003ab31a377ba9dde8532d43b16329b933c37a6d7aac5f",
    "https://deno.land/std@0.122.0/testing/_diff.ts": "e6a10d2aca8d6c27a9c5b8a2dbbf64353874730af539707b5b39d4128140642d",
    "https://deno.land/std@0.122.0/testing/asserts.ts": "e1e7325b449cc9c747c309690b22d8cf464e401f79f494ddb106e4842fdb4dda",
    "https://deno.land/std@0.224.0/collections/_utils.ts": "b2ec8ada31b5a72ebb1d99774b849b4c09fe4b3a38d07794bd010bd218a16e0b",
    "https://deno.land/std@0.224.0/collections/aggregate_groups.ts": "c63a57a16e87537ee71df1174a111e2c4cd05f0d4be83db701c8740e81bd157c",
    "https://deno.land/std@0.224.0/collections/associate_by.ts": "8c09c6a66769480f3181bd7b582796aed85fa71e2595c1b3d73684b9caae33b1",
    "https://deno.land/std@0.224.0/collections/associate_with.ts": "5cbbdb53ffb0160338b86d7c3ba6e0b343c66d5104ccff4430dd766c603ea3d4",
    "https://deno.land/std@0.224.0/collections/chunk.ts": "e6e533d6ae047f2082892831d463426f79cdd0d3f09ce298317a8469abf8467e",
    "https://deno.land/std@0.224.0/collections/deep_merge.ts": "04f8d2a6cfa15c7580e788689bcb5e162512b9ccb18bab1241824b432a78551e",
    "https://deno.land/std@0.224.0/collections/distinct.ts": "42d81633e4ccd5ea89118cb08f875bbfc683ac6620df2fa60f3d07270b177f4d",
    "https://deno.land/std@0.224.0/collections/distinct_by.ts": "e895705decb0ce88b31c6679fd4e2bd08ac6d47cde7d00bf2016e3c2bac565a7",
    "https://deno.land/std@0.224.0/collections/drop_last_while.ts": "4bfb91818d0165b172843bfd41a8b988e566b23a29e038794ca832118de150bf",
    "https://deno.land/std@0.224.0/collections/drop_while.ts": "cf15d7f83ece2828e1fe04bbe04b646801d11be9c259a0f47c1b0ac2aa7dabdf",
    "https://deno.land/std@0.224.0/collections/filter_entries.ts": "12202e99001695fcf541ec0191e9762fe7290ba4597df762d3a0c6e611a1aafe",
    "https://deno.land/std@0.224.0/collections/filter_keys.ts": "bf8eaae2769e6ddd34f23ba1912f7feda2b6f374253c07a6630e9a2e384ba611",
    "https://deno.land/std@0.224.0/collections/filter_values.ts": "ad8fae5751977598f8c794d65f0d42c9f9e47a7d774cf82b2449cd78ff4f729a",
    "https://deno.land/std@0.224.0/collections/find_single.ts": "d2f69dd19d85c85d0f82ffff18517076795fe8a4a960b75f33b00655e070d6f7",
    "https://deno.land/std@0.224.0/collections/first_not_nullish_of.ts": "cc5581ace9b896c83b9c002dc90a2f7b4c5dcddc319d78542287479dd348c300",
    "https://deno.land/std@0.224.0/collections/includes_value.ts": "c5755ad1ac0b95cdc60ca794ada0e65e85ecad96729a9f6cd715516b77497564",
    "https://deno.land/std@0.224.0/collections/intersect.ts": "9a4427ce81bd0982f4e6e65c51da99648b09f89ed0e4950fcf89fc7052336e60",
    "https://deno.land/std@0.224.0/collections/join_to_string.ts": "6f3441958aeb382e8e35be527e5ff5e6f6346e83ac4c17fe3f9fa293eff0f18e",
    "https://deno.land/std@0.224.0/collections/map_entries.ts": "45b8bf3f197ee24abe2e078213a4cf2f4e187ad130649fff34e13b1a03ede478",
    "https://deno.land/std@0.224.0/collections/map_keys.ts": "2fd91963117d2376ea6dbbe473d77c20ede79b72437ed0dac36161b1af62f058",
    "https://deno.land/std@0.224.0/collections/map_not_nullish.ts": "f519f74db550afcf6c6e2486382cb4dc6b0465e4234b6acca26910d118e7dd55",
    "https://deno.land/std@0.224.0/collections/map_values.ts": "91d6ece4b4dc4b94abc378f51e0e309e7f7f18b2ce4c335dab673a31ebd17c75",
    "https://deno.land/std@0.224.0/collections/max_by.ts": "a601c296d54349097d5b424bc86c84010ab22733b622b480e2ad65927063d7bb",
    "https://deno.land/std@0.224.0/collections/max_of.ts": "a56297ed49ee42eb948d348451c9158c9f7b8e4e1fc0259829e945924893ca07",
    "https://deno.land/std@0.224.0/collections/max_with.ts": "ea4838b17246166991ed033c52b43f04be957168c12bdb193b0f8ffdd046a6d0",
    "https://deno.land/std@0.224.0/collections/min_by.ts": "79477d359b5882acf670179ba18ac619b63bb01f8a681d067f9fb318f3367dfe",
    "https://deno.land/std@0.224.0/collections/min_of.ts": "a80b6881494f505fe42c160317225c99a69bf393419563063ac2dd258cffd9b2",
    "https://deno.land/std@0.224.0/collections/min_with.ts": "94e011b9f0329be593527975c5f511b02010c4f42a50098297cb5012a418ac76",
    "https://deno.land/std@0.224.0/collections/mod.ts": "c65d90938582b7d0b3e8fc319cc6d41d736f87656a256428c7b4cd600703fd62",
    "https://deno.land/std@0.224.0/collections/omit.ts": "7a875ecbb02e3c418195325fd8c520bcf492362344d4d6b295d2e0f101ccccae",
    "https://deno.land/std@0.224.0/collections/partition.ts": "22689dc4834bbcaa06f9ac204ac5502ab0f7087d7fca26bad50319c12434d099",
    "https://deno.land/std@0.224.0/collections/partition_entries.ts": "4112ef54d8f1b24a281a432d1d55e183c260139da9153a8449021884ff2bd675",
    "https://deno.land/std@0.224.0/collections/permutations.ts": "976f444c0fe52f764ad473d2dbcfbc5a97a3066aebed2f809e084c548dcf7f19",
    "https://deno.land/std@0.224.0/collections/pick.ts": "eb3940ff8107e5990e35b30f4cc63f52a469e35b53dc83f904b0f30fab968bc3",
    "https://deno.land/std@0.224.0/collections/reduce_groups.ts": "59a375aec7dfacdf1f22c39e618fbbfbfb50ed36e338b1c57c704beadaeef2a7",
    "https://deno.land/std@0.224.0/collections/running_reduce.ts": "b8b4b5bf0b3d61db8fc0993b9e7e630fba299e360c463ebb0d3ce7e12a65abeb",
    "https://deno.land/std@0.224.0/collections/sample.ts": "bdf721d86a6eb3d27ae419aea92a2f24a3de19772b24aad831064e8a0ff7ecd1",
    "https://deno.land/std@0.224.0/collections/sliding_windows.ts": "254402e0603a94063a90e5561c48435c2fb278b8915e801632b8deebdd731219",
    "https://deno.land/std@0.224.0/collections/sort_by.ts": "c84b51b70e9698313c021d11531a1eb07ddda0f423b7778e3cda24663c8b0eaa",
    "https://deno.land/std@0.224.0/collections/sum_of.ts": "a7617a77c2501a54dedf50bc4211ca6c06c9678eee00c31a63e187cc8f0b3b97",
    "https://deno.land/std@0.224.0/collections/take_last_while.ts": "d6e05d89e17c4e59015aff3b8e2b08a9d72314c77363590c0db2775f43cbf47b",
    "https://deno.land/std@0.224.0/collections/take_while.ts": "b281c439e5195bc1e8a7f75aa538b4a920aeae9b29a45f0df468b4f48434506d",
    "https://deno.land/std@0.224.0/collections/union.ts": "7eaec5f85dbf115e14695a740ce43b0463f6202ee2b10408b31efa7b4eeb1968",
    "https://deno.land/std@0.224.0/collections/unzip.ts": "7dbe500a7b283a4ad6000316f98e0f590f084be103b3ea2e0519a7e3d98a38b2",
    "https://deno.land/std@0.224.0/collections/without_all.ts": "c85ec7c536037385d1b99f9820ccb0e05eea385422e74132c8c081f4dcb353e5",
    "https://deno.land/std@0.224.0/collections/zip.ts": "5320938b447da8a8ed4811d6248829886c7ddd088e1653cfce6e59d0abb73692",
    "https://deno.land/std@0.97.0/fmt/colors.ts": "db22b314a2ae9430ae7460ce005e0a7130e23ae1c999157e3bb77cf55800f7e4",
    "https://deno.land/std@0.97.0/testing/_diff.ts": "961eaf6d9f5b0a8556c9d835bbc6fa74f5addd7d3b02728ba7936ff93364f7a3",
    "https://deno.land/std@0.97.0/testing/asserts.ts": "341292d12eebc44be4c3c2ca101ba8b6b5859cef2fa69d50c217f9d0bfbcfd1f",
    "https://deno.land/x/expect@v0.2.9/expect.ts": "128c60f94ff3f977e2a649463238e403f9bdb8e6ab77e65214c0236bd61b0111",
    "https://deno.land/x/expect@v0.2.9/matchers.ts": "ba7360b73c5031a22449fa98eb4d5dbe7f256a88dd4c22ccae96dc6c01f0b19c",
    "https://deno.land/x/expect@v0.2.9/mock.ts": "562d4b1d735d15b0b8e935f342679096b64fe452f86e96714fe8616c0c884914",
    "https://deno.land/x/expect@v0.2.9/mod.ts": "0304d2430e1e96ba669a8495e24ba606dcc3d152e1f81aaa8da898cea24e36c2",
    "https://deno.land/x/jszip@0.11.0/mod.ts": "5661ddc18e9ac9c07e3c5d2483bc912a7022b6af0d784bb7b05035973e640ba1",
    "https://deno.land/x/jszip@0.11.0/types.ts": "1528d1279fbb64dd118c371331c641a3a5eff2b594336fb38a7659cf4c53b2d1",
    "https://deno.land/x/kia@0.4.1/deps.ts": "75da73e1fd9f18b9abbc0e615894aef9cafd8bcf81c5c6aab3be5986425474c4",
    "https://deno.land/x/kia@0.4.1/kia.ts": "9eaaae34b1179a43251f4ced6b4b94b9d8100e587a95b8152f01b22fe52cbe84",
    "https://deno.land/x/kia@0.4.1/mod.ts": "727b60e707c46429e40a2159ab73381245ef08a8e1e59e1e5a705745b99f4aec",
    "https://deno.land/x/kia@0.4.1/spinners.ts": "26b63f964c745d6cc46e547d98352a4f64ae6d28400d35d9b77be7a5141db860",
    "https://deno.land/x/kia@0.4.1/util.ts": "b7ac0962b5a39f666bad41c8b93efe1ea599fbac05ea9f65c0409926e8092618",
    "https://esm.sh/jszip@3.7.1": "5161d6a228d844791a60ab58360bd3b76c4d3921b4a725616cd7403203519249"
  },
  "workspace": {
    "dependencies": [
      "jsr:@deno-library/compress@~0.5.5",
      "jsr:@jonasschiano/kia@^0.0.120",
      "jsr:@luca/esbuild-deno-loader@~0.11.1",
      "jsr:@std/assert@1",
      "jsr:@std/async@^1.0.11",
      "jsr:@std/cli@^1.0.14",
      "jsr:@std/collections@^1.0.10",
      "jsr:@std/dotenv@~0.225.3",
      "jsr:@std/fmt@^1.0.6",
      "jsr:@std/path@^1.0.8",
      "jsr:@std/uuid@^1.0.4",
      "npm:esbuild@~0.24.2",
      "npm:uuid@^11.1.0"
    ]
  }
}
